
Microsoft Visual Studio Solution File, Format Version 12.00
# Visual Studio 2013
VisualStudioVersion = 12.0.30324.0
MinimumVisualStudioVersion = 10.0.40219.1
Project("{2150E333-8FDC-42A3-9474-1A3956D46DE8}") = "Android", "Android", "{B19271AF-12DB-4A62-BDF0-5F2A9F5B8C80}"
EndProject
Project("{2150E333-8FDC-42A3-9474-1A3956D46DE8}") = "Core", "Core", "{05CCF168-27ED-4256-9882-47CFC8AC328A}"
EndProject
Project("{FAE04EC0-301F-11D3-BF4B-00C04F79EFBC}") = "Xambi.Client.Android.Ui", "Ui\Android\Xambi.Client.Android.Ui.csproj", "{63E22047-229D-40A6-A212-DD4445318B98}"
EndProject
Project("{FAE04EC0-301F-11D3-BF4B-00C04F79EFBC}") = "Symbi.Core.Dto", "Core\Dto\Symbi.Core.Dto.csproj", "{76443CB7-DC7B-4630-9FFC-8DCB090B39C9}"
EndProject
Project("{2150E333-8FDC-42A3-9474-1A3956D46DE8}") = "Client", "Client", "{866DA9FC-86F2-457C-9BC1-EAFEDFEDC12C}"
EndProject
Project("{2150E333-8FDC-42A3-9474-1A3956D46DE8}") = "Api", "Api", "{8AA94D8C-DC7D-436E-A139-CA21C4C7E4EB}"
EndProject
Project("{FAE04EC0-301F-11D3-BF4B-00C04F79EFBC}") = "Symbi.Core.Text", "Core\Text\Symbi.Core.Text\Symbi.Core.Text.csproj", "{E49ECB73-E232-48B1-B4CB-D8BBB2836208}"
EndProject
Project("{2150E333-8FDC-42A3-9474-1A3956D46DE8}") = "Windows", "Windows", "{8EC1C82A-22EB-48CE-80CB-1FC2E334D5E3}"
EndProject
Project("{FAE04EC0-301F-11D3-BF4B-00C04F79EFBC}") = "Xambi.Client.Core", "Xambi.Client.Core\Xambi.Client.Core.csproj", "{11BCC96C-1BF2-4F4A-8FAD-9A118590EDA6}"
EndProject
Global
	GlobalSection(SolutionConfigurationPlatforms) = preSolution
		Ad-Hoc|Any CPU = Ad-Hoc|Any CPU
		Ad-Hoc|ARM = Ad-Hoc|ARM
		Ad-Hoc|iPhone = Ad-Hoc|iPhone
		Ad-Hoc|iPhoneSimulator = Ad-Hoc|iPhoneSimulator
		Ad-Hoc|Mixed Platforms = Ad-Hoc|Mixed Platforms
		Ad-Hoc|x86 = Ad-Hoc|x86
		AppStore|Any CPU = AppStore|Any CPU
		AppStore|ARM = AppStore|ARM
		AppStore|iPhone = AppStore|iPhone
		AppStore|iPhoneSimulator = AppStore|iPhoneSimulator
		AppStore|Mixed Platforms = AppStore|Mixed Platforms
		AppStore|x86 = AppStore|x86
		Debug|Any CPU = Debug|Any CPU
		Debug|ARM = Debug|ARM
		Debug|iPhone = Debug|iPhone
		Debug|iPhoneSimulator = Debug|iPhoneSimulator
		Debug|Mixed Platforms = Debug|Mixed Platforms
		Debug|x86 = Debug|x86
		Release|Any CPU = Release|Any CPU
		Release|ARM = Release|ARM
		Release|iPhone = Release|iPhone
		Release|iPhoneSimulator = Release|iPhoneSimulator
		Release|Mixed Platforms = Release|Mixed Platforms
		Release|x86 = Release|x86
	EndGlobalSection
	GlobalSection(ProjectConfigurationPlatforms) = postSolution
		{63E22047-229D-40A6-A212-DD4445318B98}.Ad-Hoc|Any CPU.ActiveCfg = Release|Any CPU
		{63E22047-229D-40A6-A212-DD4445318B98}.Ad-Hoc|Any CPU.Build.0 = Release|Any CPU
		{63E22047-229D-40A6-A212-DD4445318B98}.Ad-Hoc|Any CPU.Deploy.0 = Release|Any CPU
		{63E22047-229D-40A6-A212-DD4445318B98}.Ad-Hoc|ARM.ActiveCfg = Release|Any CPU
		{63E22047-229D-40A6-A212-DD4445318B98}.Ad-Hoc|iPhone.ActiveCfg = Release|Any CPU
		{63E22047-229D-40A6-A212-DD4445318B98}.Ad-Hoc|iPhoneSimulator.ActiveCfg = Release|Any CPU
		{63E22047-229D-40A6-A212-DD4445318B98}.Ad-Hoc|Mixed Platforms.ActiveCfg = Release|Any CPU
		{63E22047-229D-40A6-A212-DD4445318B98}.Ad-Hoc|Mixed Platforms.Build.0 = Release|Any CPU
		{63E22047-229D-40A6-A212-DD4445318B98}.Ad-Hoc|Mixed Platforms.Deploy.0 = Release|Any CPU
		{63E22047-229D-40A6-A212-DD4445318B98}.Ad-Hoc|x86.ActiveCfg = Release|Any CPU
		{63E22047-229D-40A6-A212-DD4445318B98}.AppStore|Any CPU.ActiveCfg = Release|Any CPU
		{63E22047-229D-40A6-A212-DD4445318B98}.AppStore|Any CPU.Build.0 = Release|Any CPU
		{63E22047-229D-40A6-A212-DD4445318B98}.AppStore|Any CPU.Deploy.0 = Release|Any CPU
		{63E22047-229D-40A6-A212-DD4445318B98}.AppStore|ARM.ActiveCfg = Release|Any CPU
		{63E22047-229D-40A6-A212-DD4445318B98}.AppStore|iPhone.ActiveCfg = Release|Any CPU
		{63E22047-229D-40A6-A212-DD4445318B98}.AppStore|iPhoneSimulator.ActiveCfg = Release|Any CPU
		{63E22047-229D-40A6-A212-DD4445318B98}.AppStore|Mixed Platforms.ActiveCfg = Release|Any CPU
		{63E22047-229D-40A6-A212-DD4445318B98}.AppStore|Mixed Platforms.Build.0 = Release|Any CPU
		{63E22047-229D-40A6-A212-DD4445318B98}.AppStore|Mixed Platforms.Deploy.0 = Release|Any CPU
		{63E22047-229D-40A6-A212-DD4445318B98}.AppStore|x86.ActiveCfg = Release|Any CPU
		{63E22047-229D-40A6-A212-DD4445318B98}.Debug|Any CPU.ActiveCfg = Debug|Any CPU
		{63E22047-229D-40A6-A212-DD4445318B98}.Debug|Any CPU.Build.0 = Debug|Any CPU
		{63E22047-229D-40A6-A212-DD4445318B98}.Debug|Any CPU.Deploy.0 = Debug|Any CPU
		{63E22047-229D-40A6-A212-DD4445318B98}.Debug|ARM.ActiveCfg = Debug|Any CPU
		{63E22047-229D-40A6-A212-DD4445318B98}.Debug|iPhone.ActiveCfg = Debug|Any CPU
		{63E22047-229D-40A6-A212-DD4445318B98}.Debug|iPhoneSimulator.ActiveCfg = Debug|Any CPU
		{63E22047-229D-40A6-A212-DD4445318B98}.Debug|Mixed Platforms.ActiveCfg = Debug|Any CPU
		{63E22047-229D-40A6-A212-DD4445318B98}.Debug|Mixed Platforms.Build.0 = Debug|Any CPU
		{63E22047-229D-40A6-A212-DD4445318B98}.Debug|Mixed Platforms.Deploy.0 = Debug|Any CPU
		{63E22047-229D-40A6-A212-DD4445318B98}.Debug|x86.ActiveCfg = Debug|Any CPU
		{63E22047-229D-40A6-A212-DD4445318B98}.Release|Any CPU.ActiveCfg = Release|Any CPU
		{63E22047-229D-40A6-A212-DD4445318B98}.Release|Any CPU.Build.0 = Release|Any CPU
		{63E22047-229D-40A6-A212-DD4445318B98}.Release|Any CPU.Deploy.0 = Release|Any CPU
		{63E22047-229D-40A6-A212-DD4445318B98}.Release|ARM.ActiveCfg = Release|Any CPU
		{63E22047-229D-40A6-A212-DD4445318B98}.Release|iPhone.ActiveCfg = Release|Any CPU
		{63E22047-229D-40A6-A212-DD4445318B98}.Release|iPhoneSimulator.ActiveCfg = Release|Any CPU
		{63E22047-229D-40A6-A212-DD4445318B98}.Release|Mixed Platforms.ActiveCfg = Release|Any CPU
		{63E22047-229D-40A6-A212-DD4445318B98}.Release|Mixed Platforms.Build.0 = Release|Any CPU
		{63E22047-229D-40A6-A212-DD4445318B98}.Release|Mixed Platforms.Deploy.0 = Release|Any CPU
		{63E22047-229D-40A6-A212-DD4445318B98}.Release|x86.ActiveCfg = Release|Any CPU
		{76443CB7-DC7B-4630-9FFC-8DCB090B39C9}.Ad-Hoc|Any CPU.ActiveCfg = Release|Any CPU
		{76443CB7-DC7B-4630-9FFC-8DCB090B39C9}.Ad-Hoc|Any CPU.Build.0 = Release|Any CPU
		{76443CB7-DC7B-4630-9FFC-8DCB090B39C9}.Ad-Hoc|ARM.ActiveCfg = Release|Any CPU
		{76443CB7-DC7B-4630-9FFC-8DCB090B39C9}.Ad-Hoc|iPhone.ActiveCfg = Release|Any CPU
		{76443CB7-DC7B-4630-9FFC-8DCB090B39C9}.Ad-Hoc|iPhoneSimulator.ActiveCfg = Release|Any CPU
		{76443CB7-DC7B-4630-9FFC-8DCB090B39C9}.Ad-Hoc|Mixed Platforms.ActiveCfg = Release|Any CPU
		{76443CB7-DC7B-4630-9FFC-8DCB090B39C9}.Ad-Hoc|Mixed Platforms.Build.0 = Release|Any CPU
		{76443CB7-DC7B-4630-9FFC-8DCB090B39C9}.Ad-Hoc|x86.ActiveCfg = Release|Any CPU
		{76443CB7-DC7B-4630-9FFC-8DCB090B39C9}.AppStore|Any CPU.ActiveCfg = Release|Any CPU
		{76443CB7-DC7B-4630-9FFC-8DCB090B39C9}.AppStore|Any CPU.Build.0 = Release|Any CPU
		{76443CB7-DC7B-4630-9FFC-8DCB090B39C9}.AppStore|ARM.ActiveCfg = Release|Any CPU
		{76443CB7-DC7B-4630-9FFC-8DCB090B39C9}.AppStore|iPhone.ActiveCfg = Release|Any CPU
		{76443CB7-DC7B-4630-9FFC-8DCB090B39C9}.AppStore|iPhoneSimulator.ActiveCfg = Release|Any CPU
		{76443CB7-DC7B-4630-9FFC-8DCB090B39C9}.AppStore|Mixed Platforms.ActiveCfg = Release|Any CPU
		{76443CB7-DC7B-4630-9FFC-8DCB090B39C9}.AppStore|Mixed Platforms.Build.0 = Release|Any CPU
		{76443CB7-DC7B-4630-9FFC-8DCB090B39C9}.AppStore|x86.ActiveCfg = Release|Any CPU
		{76443CB7-DC7B-4630-9FFC-8DCB090B39C9}.Debug|Any CPU.ActiveCfg = Debug|Any CPU
		{76443CB7-DC7B-4630-9FFC-8DCB090B39C9}.Debug|Any CPU.Build.0 = Debug|Any CPU
		{76443CB7-DC7B-4630-9FFC-8DCB090B39C9}.Debug|ARM.ActiveCfg = Debug|Any CPU
		{76443CB7-DC7B-4630-9FFC-8DCB090B39C9}.Debug|iPhone.ActiveCfg = Debug|Any CPU
		{76443CB7-DC7B-4630-9FFC-8DCB090B39C9}.Debug|iPhoneSimulator.ActiveCfg = Debug|Any CPU
		{76443CB7-DC7B-4630-9FFC-8DCB090B39C9}.Debug|Mixed Platforms.ActiveCfg = Debug|Any CPU
		{76443CB7-DC7B-4630-9FFC-8DCB090B39C9}.Debug|Mixed Platforms.Build.0 = Debug|Any CPU
		{76443CB7-DC7B-4630-9FFC-8DCB090B39C9}.Debug|x86.ActiveCfg = Debug|Any CPU
		{76443CB7-DC7B-4630-9FFC-8DCB090B39C9}.Release|Any CPU.ActiveCfg = Release|Any CPU
		{76443CB7-DC7B-4630-9FFC-8DCB090B39C9}.Release|Any CPU.Build.0 = Release|Any CPU
		{76443CB7-DC7B-4630-9FFC-8DCB090B39C9}.Release|ARM.ActiveCfg = Release|Any CPU
		{76443CB7-DC7B-4630-9FFC-8DCB090B39C9}.Release|iPhone.ActiveCfg = Release|Any CPU
		{76443CB7-DC7B-4630-9FFC-8DCB090B39C9}.Release|iPhoneSimulator.ActiveCfg = Release|Any CPU
		{76443CB7-DC7B-4630-9FFC-8DCB090B39C9}.Release|Mixed Platforms.ActiveCfg = Release|Any CPU
		{76443CB7-DC7B-4630-9FFC-8DCB090B39C9}.Release|Mixed Platforms.Build.0 = Release|Any CPU
		{76443CB7-DC7B-4630-9FFC-8DCB090B39C9}.Release|x86.ActiveCfg = Release|Any CPU
		{E49ECB73-E232-48B1-B4CB-D8BBB2836208}.Ad-Hoc|Any CPU.ActiveCfg = Release|Any CPU
		{E49ECB73-E232-48B1-B4CB-D8BBB2836208}.Ad-Hoc|Any CPU.Build.0 = Release|Any CPU
		{E49ECB73-E232-48B1-B4CB-D8BBB2836208}.Ad-Hoc|ARM.ActiveCfg = Release|Any CPU
		{E49ECB73-E232-48B1-B4CB-D8BBB2836208}.Ad-Hoc|iPhone.ActiveCfg = Release|Any CPU
		{E49ECB73-E232-48B1-B4CB-D8BBB2836208}.Ad-Hoc|iPhoneSimulator.ActiveCfg = Release|Any CPU
		{E49ECB73-E232-48B1-B4CB-D8BBB2836208}.Ad-Hoc|Mixed Platforms.ActiveCfg = Release|Any CPU
		{E49ECB73-E232-48B1-B4CB-D8BBB2836208}.Ad-Hoc|Mixed Platforms.Build.0 = Release|Any CPU
		{E49ECB73-E232-48B1-B4CB-D8BBB2836208}.Ad-Hoc|x86.ActiveCfg = Release|Any CPU
		{E49ECB73-E232-48B1-B4CB-D8BBB2836208}.AppStore|Any CPU.ActiveCfg = Release|Any CPU
		{E49ECB73-E232-48B1-B4CB-D8BBB2836208}.AppStore|Any CPU.Build.0 = Release|Any CPU
		{E49ECB73-E232-48B1-B4CB-D8BBB2836208}.AppStore|ARM.ActiveCfg = Release|Any CPU
		{E49ECB73-E232-48B1-B4CB-D8BBB2836208}.AppStore|iPhone.ActiveCfg = Release|Any CPU
		{E49ECB73-E232-48B1-B4CB-D8BBB2836208}.AppStore|iPhoneSimulator.ActiveCfg = Release|Any CPU
		{E49ECB73-E232-48B1-B4CB-D8BBB2836208}.AppStore|Mixed Platforms.ActiveCfg = Release|Any CPU
		{E49ECB73-E232-48B1-B4CB-D8BBB2836208}.AppStore|Mixed Platforms.Build.0 = Release|Any CPU
		{E49ECB73-E232-48B1-B4CB-D8BBB2836208}.AppStore|x86.ActiveCfg = Release|Any CPU
		{E49ECB73-E232-48B1-B4CB-D8BBB2836208}.Debug|Any CPU.ActiveCfg = Debug|Any CPU
		{E49ECB73-E232-48B1-B4CB-D8BBB2836208}.Debug|Any CPU.Build.0 = Debug|Any CPU
		{E49ECB73-E232-48B1-B4CB-D8BBB2836208}.Debug|ARM.ActiveCfg = Debug|Any CPU
		{E49ECB73-E232-48B1-B4CB-D8BBB2836208}.Debug|iPhone.ActiveCfg = Debug|Any CPU
		{E49ECB73-E232-48B1-B4CB-D8BBB2836208}.Debug|iPhoneSimulator.ActiveCfg = Debug|Any CPU
		{E49ECB73-E232-48B1-B4CB-D8BBB2836208}.Debug|Mixed Platforms.ActiveCfg = Debug|Any CPU
		{E49ECB73-E232-48B1-B4CB-D8BBB2836208}.Debug|Mixed Platforms.Build.0 = Debug|Any CPU
		{E49ECB73-E232-48B1-B4CB-D8BBB2836208}.Debug|x86.ActiveCfg = Debug|Any CPU
		{E49ECB73-E232-48B1-B4CB-D8BBB2836208}.Release|Any CPU.ActiveCfg = Release|Any CPU
		{E49ECB73-E232-48B1-B4CB-D8BBB2836208}.Release|Any CPU.Build.0 = Release|Any CPU
		{E49ECB73-E232-48B1-B4CB-D8BBB2836208}.Release|ARM.ActiveCfg = Release|Any CPU
		{E49ECB73-E232-48B1-B4CB-D8BBB2836208}.Release|iPhone.ActiveCfg = Release|Any CPU
		{E49ECB73-E232-48B1-B4CB-D8BBB2836208}.Release|iPhoneSimulator.ActiveCfg = Release|Any CPU
		{E49ECB73-E232-48B1-B4CB-D8BBB2836208}.Release|Mixed Platforms.ActiveCfg = Release|Any CPU
		{E49ECB73-E232-48B1-B4CB-D8BBB2836208}.Release|Mixed Platforms.Build.0 = Release|Any CPU
		{E49ECB73-E232-48B1-B4CB-D8BBB2836208}.Release|x86.ActiveCfg = Release|Any CPU
		{11BCC96C-1BF2-4F4A-8FAD-9A118590EDA6}.Ad-Hoc|Any CPU.ActiveCfg = Release|Any CPU
		{11BCC96C-1BF2-4F4A-8FAD-9A118590EDA6}.Ad-Hoc|Any CPU.Build.0 = Release|Any CPU
		{11BCC96C-1BF2-4F4A-8FAD-9A118590EDA6}.Ad-Hoc|ARM.ActiveCfg = Release|Any CPU
		{11BCC96C-1BF2-4F4A-8FAD-9A118590EDA6}.Ad-Hoc|iPhone.ActiveCfg = Release|Any CPU
		{11BCC96C-1BF2-4F4A-8FAD-9A118590EDA6}.Ad-Hoc|iPhoneSimulator.ActiveCfg = Release|Any CPU
		{11BCC96C-1BF2-4F4A-8FAD-9A118590EDA6}.Ad-Hoc|Mixed Platforms.ActiveCfg = Release|Any CPU
		{11BCC96C-1BF2-4F4A-8FAD-9A118590EDA6}.Ad-Hoc|Mixed Platforms.Build.0 = Release|Any CPU
		{11BCC96C-1BF2-4F4A-8FAD-9A118590EDA6}.Ad-Hoc|x86.ActiveCfg = Release|Any CPU
		{11BCC96C-1BF2-4F4A-8FAD-9A118590EDA6}.AppStore|Any CPU.ActiveCfg = Release|Any CPU
		{11BCC96C-1BF2-4F4A-8FAD-9A118590EDA6}.AppStore|Any CPU.Build.0 = Release|Any CPU
		{11BCC96C-1BF2-4F4A-8FAD-9A118590EDA6}.AppStore|ARM.ActiveCfg = Release|Any CPU
		{11BCC96C-1BF2-4F4A-8FAD-9A118590EDA6}.AppStore|iPhone.ActiveCfg = Release|Any CPU
		{11BCC96C-1BF2-4F4A-8FAD-9A118590EDA6}.AppStore|iPhoneSimulator.ActiveCfg = Release|Any CPU
		{11BCC96C-1BF2-4F4A-8FAD-9A118590EDA6}.AppStore|Mixed Platforms.ActiveCfg = Release|Any CPU
		{11BCC96C-1BF2-4F4A-8FAD-9A118590EDA6}.AppStore|Mixed Platforms.Build.0 = Release|Any CPU
		{11BCC96C-1BF2-4F4A-8FAD-9A118590EDA6}.AppStore|x86.ActiveCfg = Release|Any CPU
		{11BCC96C-1BF2-4F4A-8FAD-9A118590EDA6}.Debug|Any CPU.ActiveCfg = Debug|Any CPU
		{11BCC96C-1BF2-4F4A-8FAD-9A118590EDA6}.Debug|Any CPU.Build.0 = Debug|Any CPU
		{11BCC96C-1BF2-4F4A-8FAD-9A118590EDA6}.Debug|ARM.ActiveCfg = Debug|Any CPU
		{11BCC96C-1BF2-4F4A-8FAD-9A118590EDA6}.Debug|iPhone.ActiveCfg = Debug|Any CPU
		{11BCC96C-1BF2-4F4A-8FAD-9A118590EDA6}.Debug|iPhoneSimulator.ActiveCfg = Debug|Any CPU
		{11BCC96C-1BF2-4F4A-8FAD-9A118590EDA6}.Debug|Mixed Platforms.ActiveCfg = Debug|Any CPU
		{11BCC96C-1BF2-4F4A-8FAD-9A118590EDA6}.Debug|Mixed Platforms.Build.0 = Debug|Any CPU
		{11BCC96C-1BF2-4F4A-8FAD-9A118590EDA6}.Debug|x86.ActiveCfg = Debug|Any CPU
		{11BCC96C-1BF2-4F4A-8FAD-9A118590EDA6}.Release|Any CPU.ActiveCfg = Release|Any CPU
		{11BCC96C-1BF2-4F4A-8FAD-9A118590EDA6}.Release|Any CPU.Build.0 = Release|Any CPU
		{11BCC96C-1BF2-4F4A-8FAD-9A118590EDA6}.Release|ARM.ActiveCfg = Release|Any CPU
		{11BCC96C-1BF2-4F4A-8FAD-9A118590EDA6}.Release|iPhone.ActiveCfg = Release|Any CPU
		{11BCC96C-1BF2-4F4A-8FAD-9A118590EDA6}.Release|iPhoneSimulator.ActiveCfg = Release|Any CPU
		{11BCC96C-1BF2-4F4A-8FAD-9A118590EDA6}.Release|Mixed Platforms.ActiveCfg = Release|Any CPU
		{11BCC96C-1BF2-4F4A-8FAD-9A118590EDA6}.Release|Mixed Platforms.Build.0 = Release|Any CPU
		{11BCC96C-1BF2-4F4A-8FAD-9A118590EDA6}.Release|x86.ActiveCfg = Release|Any CPU
	EndGlobalSection
	GlobalSection(SolutionProperties) = preSolution
		HideSolutionNode = FALSE
	EndGlobalSection
	GlobalSection(NestedProjects) = preSolution
		{B19271AF-12DB-4A62-BDF0-5F2A9F5B8C80} = {866DA9FC-86F2-457C-9BC1-EAFEDFEDC12C}
		{63E22047-229D-40A6-A212-DD4445318B98} = {B19271AF-12DB-4A62-BDF0-5F2A9F5B8C80}
		{76443CB7-DC7B-4630-9FFC-8DCB090B39C9} = {05CCF168-27ED-4256-9882-47CFC8AC328A}
		{E49ECB73-E232-48B1-B4CB-D8BBB2836208} = {05CCF168-27ED-4256-9882-47CFC8AC328A}
		{8EC1C82A-22EB-48CE-80CB-1FC2E334D5E3} = {866DA9FC-86F2-457C-9BC1-EAFEDFEDC12C}
		{11BCC96C-1BF2-4F4A-8FAD-9A118590EDA6} = {866DA9FC-86F2-457C-9BC1-EAFEDFEDC12C}
	EndGlobalSection
	GlobalSection(MonoDevelopProperties) = preSolution
		StartupItem = Symbi.UI.Android.csproj
	EndGlobalSection
EndGlobal
